
Microsoft Visual Studio Solution File, Format Version 12.00
# Visual Studio 15
VisualStudioVersion = 15.0.27703.2018
MinimumVisualStudioVersion = 10.0.40219.1
Project("{FAE04EC0-301F-11D3-BF4B-00C04F79EFBC}") = "Address_Book_Connected_Architecture_", "Address_Book_Connected_Architecture_\Address_Book_Connected_Architecture_.csproj", "{61BB49C5-8F2F-413E-BFAC-F3197606BA55}"
EndProject
Global
	GlobalSection(SolutionConfigurationPlatforms) = preSolution
		Debug|Any CPU = Debug|Any CPU
		Release|Any CPU = Release|Any CPU
	EndGlobalSection
	GlobalSection(ProjectConfigurationPlatforms) = postSolution
		{61BB49C5-8F2F-413E-BFAC-F3197606BA55}.Debug|Any CPU.ActiveCfg = Debug|Any CPU
		{61BB49C5-8F2F-413E-BFAC-F3197606BA55}.Debug|Any CPU.Build.0 = Debug|Any CPU
		{61BB49C5-8F2F-413E-BFAC-F3197606BA55}.Release|Any CPU.ActiveCfg = Release|Any CPU
		{61BB49C5-8F2F-413E-BFAC-F3197606BA55}.Release|Any CPU.Build.0 = Release|Any CPU
	EndGlobalSection
	GlobalSection(SolutionProperties) = preSolution
		HideSolutionNode = FALSE
	EndGlobalSection
	GlobalSection(ExtensibilityGlobals) = postSolution
		SolutionGuid = {FF69B74C-9258-46ED-B594-E61F3CC98BCE}
	EndGlobalSection
EndGlobal
